// !$*UTF8*$!
{
	archiveVersion = 1;
	classes = {
	};
	objectVersion = 46;
	objects = {

/* Begin PBXBuildFile section */
		A50180E21F6AC54000A58346 /* main.m in Sources */ = {isa = PBXBuildFile; fileRef = A50180E11F6AC54000A58346 /* main.m */; };
		A50180E51F6AC54000A58346 /* AppDelegate.m in Sources */ = {isa = PBXBuildFile; fileRef = A50180E41F6AC54000A58346 /* AppDelegate.m */; };
		A50180E81F6AC54000A58346 /* ViewController.m in Sources */ = {isa = PBXBuildFile; fileRef = A50180E71F6AC54000A58346 /* ViewController.m */; };
		A50180EB1F6AC54000A58346 /* Main.storyboard in Resources */ = {isa = PBXBuildFile; fileRef = A50180E91F6AC54000A58346 /* Main.storyboard */; };
		A50180ED1F6AC54000A58346 /* Assets.xcassets in Resources */ = {isa = PBXBuildFile; fileRef = A50180EC1F6AC54000A58346 /* Assets.xcassets */; };
		A50180F01F6AC54000A58346 /* LaunchScreen.storyboard in Resources */ = {isa = PBXBuildFile; fileRef = A50180EE1F6AC54000A58346 /* LaunchScreen.storyboard */; };
		A50180FB1F6AC54000A58346 /* asanTests.m in Sources */ = {isa = PBXBuildFile; fileRef = A50180FA1F6AC54000A58346 /* asanTests.m */; };
		A50181061F6AC54000A58346 /* asanUITests.m in Sources */ = {isa = PBXBuildFile; fileRef = A50181051F6AC54000A58346 /* asanUITests.m */; };
/* End PBXBuildFile section */

/* Begin PBXContainerItemProxy section */
		A50180F71F6AC54000A58346 /* PBXContainerItemProxy */ = {
			isa = PBXContainerItemProxy;
			containerPortal = A50180D51F6AC54000A58346 /* Project object */;
			proxyType = 1;
			remoteGlobalIDString = A50180DC1F6AC54000A58346;
			remoteInfo = asan;
		};
		A50181021F6AC54000A58346 /* PBXContainerItemProxy */ = {
			isa = PBXContainerItemProxy;
			containerPortal = A50180D51F6AC54000A58346 /* Project object */;
			proxyType = 1;
			remoteGlobalIDString = A50180DC1F6AC54000A58346;
			remoteInfo = asan;
		};
/* End PBXContainerItemProxy section */

/* Begin PBXFileReference section */
		A50180DD1F6AC54000A58346 /* asan.app */ = {isa = PBXFileReference; explicitFileType = wrapper.application; includeInIndex = 0; path = asan.app; sourceTree = BUILT_PRODUCTS_DIR; };
		A50180E11F6AC54000A58346 /* main.m */ = {isa = PBXFileReference; lastKnownFileType = sourcecode.c.objc; path = main.m; sourceTree = "<group>"; };
		A50180E31F6AC54000A58346 /* AppDelegate.h */ = {isa = PBXFileReference; lastKnownFileType = sourcecode.c.h; path = AppDelegate.h; sourceTree = "<group>"; };
		A50180E41F6AC54000A58346 /* AppDelegate.m */ = {isa = PBXFileReference; lastKnownFileType = sourcecode.c.objc; path = AppDelegate.m; sourceTree = "<group>"; };
		A50180E61F6AC54000A58346 /* ViewController.h */ = {isa = PBXFileReference; lastKnownFileType = sourcecode.c.h; path = ViewController.h; sourceTree = "<group>"; };
		A50180E71F6AC54000A58346 /* ViewController.m */ = {isa = PBXFileReference; lastKnownFileType = sourcecode.c.objc; path = ViewController.m; sourceTree = "<group>"; };
		A50180EA1F6AC54000A58346 /* Base */ = {isa = PBXFileReference; lastKnownFileType = file.storyboard; name = Base; path = Base.lproj/Main.storyboard; sourceTree = "<group>"; };
		A50180EC1F6AC54000A58346 /* Assets.xcassets */ = {isa = PBXFileReference; lastKnownFileType = folder.assetcatalog; path = Assets.xcassets; sourceTree = "<group>"; };
		A50180EF1F6AC54000A58346 /* Base */ = {isa = PBXFileReference; lastKnownFileType = file.storyboard; name = Base; path = Base.lproj/LaunchScreen.storyboard; sourceTree = "<group>"; };
		A50180F11F6AC54000A58346 /* Info.plist */ = {isa = PBXFileReference; lastKnownFileType = text.plist.xml; path = Info.plist; sourceTree = "<group>"; };
		A50180F61F6AC54000A58346 /* asanTests.xctest */ = {isa = PBXFileReference; explicitFileType = wrapper.cfbundle; includeInIndex = 0; path = asanTests.xctest; sourceTree = BUILT_PRODUCTS_DIR; };
		A50180FA1F6AC54000A58346 /* asanTests.m */ = {isa = PBXFileReference; lastKnownFileType = sourcecode.c.objc; path = asanTests.m; sourceTree = "<group>"; };
		A50180FC1F6AC54000A58346 /* Info.plist */ = {isa = PBXFileReference; lastKnownFileType = text.plist.xml; path = Info.plist; sourceTree = "<group>"; };
		A50181011F6AC54000A58346 /* asanUITests.xctest */ = {isa = PBXFileReference; explicitFileType = wrapper.cfbundle; includeInIndex = 0; path = asanUITests.xctest; sourceTree = BUILT_PRODUCTS_DIR; };
		A50181051F6AC54000A58346 /* asanUITests.m */ = {isa = PBXFileReference; lastKnownFileType = sourcecode.c.objc; path = asanUITests.m; sourceTree = "<group>"; };
		A50181071F6AC54000A58346 /* Info.plist */ = {isa = PBXFileReference; lastKnownFileType = text.plist.xml; path = Info.plist; sourceTree = "<group>"; };
/* End PBXFileReference section */

/* Begin PBXFrameworksBuildPhase section */
		A50180DA1F6AC54000A58346 /* Frameworks */ = {
			isa = PBXFrameworksBuildPhase;
			buildActionMask = 2147483647;
			files = (
			);
			runOnlyForDeploymentPostprocessing = 0;
		};
		A50180F31F6AC54000A58346 /* Frameworks */ = {
			isa = PBXFrameworksBuildPhase;
			buildActionMask = 2147483647;
			files = (
			);
			runOnlyForDeploymentPostprocessing = 0;
		};
		A50180FE1F6AC54000A58346 /* Frameworks */ = {
			isa = PBXFrameworksBuildPhase;
			buildActionMask = 2147483647;
			files = (
			);
			runOnlyForDeploymentPostprocessing = 0;
		};
/* End PBXFrameworksBuildPhase section */

/* Begin PBXGroup section */
		A50180D41F6AC54000A58346 = {
			isa = PBXGroup;
			children = (
				A50180DF1F6AC54000A58346 /* asan */,
				A50180F91F6AC54000A58346 /* asanTests */,
				A50181041F6AC54000A58346 /* asanUITests */,
				A50180DE1F6AC54000A58346 /* Products */,
			);
			sourceTree = "<group>";
		};
		A50180DE1F6AC54000A58346 /* Products */ = {
			isa = PBXGroup;
			children = (
				A50180DD1F6AC54000A58346 /* asan.app */,
				A50180F61F6AC54000A58346 /* asanTests.xctest */,
				A50181011F6AC54000A58346 /* asanUITests.xctest */,
			);
			name = Products;
			sourceTree = "<group>";
		};
		A50180DF1F6AC54000A58346 /* asan */ = {
			isa = PBXGroup;
			children = (
				A50180E31F6AC54000A58346 /* AppDelegate.h */,
				A50180E41F6AC54000A58346 /* AppDelegate.m */,
				A50180E61F6AC54000A58346 /* ViewController.h */,
				A50180E71F6AC54000A58346 /* ViewController.m */,
				A50180E91F6AC54000A58346 /* Main.storyboard */,
				A50180EC1F6AC54000A58346 /* Assets.xcassets */,
				A50180EE1F6AC54000A58346 /* LaunchScreen.storyboard */,
				A50180F11F6AC54000A58346 /* Info.plist */,
				A50180E01F6AC54000A58346 /* Supporting Files */,
			);
			path = asan;
			sourceTree = "<group>";
		};
		A50180E01F6AC54000A58346 /* Supporting Files */ = {
			isa = PBXGroup;
			children = (
				A50180E11F6AC54000A58346 /* main.m */,
			);
			name = "Supporting Files";
			sourceTree = "<group>";
		};
		A50180F91F6AC54000A58346 /* asanTests */ = {
			isa = PBXGroup;
			children = (
				A50180FA1F6AC54000A58346 /* asanTests.m */,
				A50180FC1F6AC54000A58346 /* Info.plist */,
			);
			path = asanTests;
			sourceTree = "<group>";
		};
		A50181041F6AC54000A58346 /* asanUITests */ = {
			isa = PBXGroup;
			children = (
				A50181051F6AC54000A58346 /* asanUITests.m */,
				A50181071F6AC54000A58346 /* Info.plist */,
			);
			path = asanUITests;
			sourceTree = "<group>";
		};
/* End PBXGroup section */

/* Begin PBXNativeTarget section */
		A50180DC1F6AC54000A58346 /* asan */ = {
			isa = PBXNativeTarget;
			buildConfigurationList = A501810A1F6AC54000A58346 /* Build configuration list for PBXNativeTarget "asan" */;
			buildPhases = (
				A50180D91F6AC54000A58346 /* Sources */,
				A50180DA1F6AC54000A58346 /* Frameworks */,
				A50180DB1F6AC54000A58346 /* Resources */,
			);
			buildRules = (
			);
			dependencies = (
			);
			name = asan;
			productName = asan;
			productReference = A50180DD1F6AC54000A58346 /* asan.app */;
			productType = "com.apple.product-type.application";
		};
		A50180F51F6AC54000A58346 /* asanTests */ = {
			isa = PBXNativeTarget;
			buildConfigurationList = A501810D1F6AC54000A58346 /* Build configuration list for PBXNativeTarget "asanTests" */;
			buildPhases = (
				A50180F21F6AC54000A58346 /* Sources */,
				A50180F31F6AC54000A58346 /* Frameworks */,
				A50180F41F6AC54000A58346 /* Resources */,
			);
			buildRules = (
			);
			dependencies = (
				A50180F81F6AC54000A58346 /* PBXTargetDependency */,
			);
			name = asanTests;
			productName = asanTests;
			productReference = A50180F61F6AC54000A58346 /* asanTests.xctest */;
			productType = "com.apple.product-type.bundle.unit-test";
		};
		A50181001F6AC54000A58346 /* asanUITests */ = {
			isa = PBXNativeTarget;
			buildConfigurationList = A50181101F6AC54000A58346 /* Build configuration list for PBXNativeTarget "asanUITests" */;
			buildPhases = (
				A50180FD1F6AC54000A58346 /* Sources */,
				A50180FE1F6AC54000A58346 /* Frameworks */,
				A50180FF1F6AC54000A58346 /* Resources */,
			);
			buildRules = (
			);
			dependencies = (
				A50181031F6AC54000A58346 /* PBXTargetDependency */,
			);
			name = asanUITests;
			productName = asanUITests;
			productReference = A50181011F6AC54000A58346 /* asanUITests.xctest */;
			productType = "com.apple.product-type.bundle.ui-testing";
		};
/* End PBXNativeTarget section */

/* Begin PBXProject section */
		A50180D51F6AC54000A58346 /* Project object */ = {
			isa = PBXProject;
			attributes = {
				LastUpgradeCheck = 0830;
				ORGANIZATIONNAME = SowayShare;
				TargetAttributes = {
					A50180DC1F6AC54000A58346 = {
						CreatedOnToolsVersion = 8.3.3;
						DevelopmentTeam = CWFUQ8L9T8;
						ProvisioningStyle = Automatic;
					};
					A50180F51F6AC54000A58346 = {
						CreatedOnToolsVersion = 8.3.3;
						DevelopmentTeam = CWFUQ8L9T8;
						ProvisioningStyle = Automatic;
						TestTargetID = A50180DC1F6AC54000A58346;
					};
					A50181001F6AC54000A58346 = {
						CreatedOnToolsVersion = 8.3.3;
						DevelopmentTeam = CWFUQ8L9T8;
						ProvisioningStyle = Automatic;
						TestTargetID = A50180DC1F6AC54000A58346;
					};
				};
			};
			buildConfigurationList = A50180D81F6AC54000A58346 /* Build configuration list for PBXProject "asan" */;
			compatibilityVersion = "Xcode 3.2";
			developmentRegion = English;
			hasScannedForEncodings = 0;
			knownRegions = (
				en,
				Base,
			);
			mainGroup = A50180D41F6AC54000A58346;
			productRefGroup = A50180DE1F6AC54000A58346 /* Products */;
			projectDirPath = "";
			projectRoot = "";
			targets = (
				A50180DC1F6AC54000A58346 /* asan */,
				A50180F51F6AC54000A58346 /* asanTests */,
				A50181001F6AC54000A58346 /* asanUITests */,
			);
		};
/* End PBXProject section */

/* Begin PBXResourcesBuildPhase section */
		A50180DB1F6AC54000A58346 /* Resources */ = {
			isa = PBXResourcesBuildPhase;
			buildActionMask = 2147483647;
			files = (
				A50180F01F6AC54000A58346 /* LaunchScreen.storyboard in Resources */,
				A50180ED1F6AC54000A58346 /* Assets.xcassets in Resources */,
				A50180EB1F6AC54000A58346 /* Main.storyboard in Resources */,
			);
			runOnlyForDeploymentPostprocessing = 0;
		};
		A50180F41F6AC54000A58346 /* Resources */ = {
			isa = PBXResourcesBuildPhase;
			buildActionMask = 2147483647;
			files = (
			);
			runOnlyForDeploymentPostprocessing = 0;
		};
		A50180FF1F6AC54000A58346 /* Resources */ = {
			isa = PBXResourcesBuildPhase;
			buildActionMask = 2147483647;
			files = (
			);
			runOnlyForDeploymentPostprocessing = 0;
		};
/* End PBXResourcesBuildPhase section */

/* Begin PBXSourcesBuildPhase section */
		A50180D91F6AC54000A58346 /* Sources */ = {
			isa = PBXSourcesBuildPhase;
			buildActionMask = 2147483647;
			files = (
				A50180E81F6AC54000A58346 /* ViewController.m in Sources */,
				A50180E51F6AC54000A58346 /* AppDelegate.m in Sources */,
				A50180E21F6AC54000A58346 /* main.m in Sources */,
			);
			runOnlyForDeploymentPostprocessing = 0;
		};
		A50180F21F6AC54000A58346 /* Sources */ = {
			isa = PBXSourcesBuildPhase;
			buildActionMask = 2147483647;
			files = (
				A50180FB1F6AC54000A58346 /* asanTests.m in Sources */,
			);
			runOnlyForDeploymentPostprocessing = 0;
		};
		A50180FD1F6AC54000A58346 /* Sources */ = {
			isa = PBXSourcesBuildPhase;
			buildActionMask = 2147483647;
			files = (
				A50181061F6AC54000A58346 /* asanUITests.m in Sources */,
			);
			runOnlyForDeploymentPostprocessing = 0;
		};
/* End PBXSourcesBuildPhase section */

/* Begin PBXTargetDependency section */
		A50180F81F6AC54000A58346 /* PBXTargetDependency */ = {
			isa = PBXTargetDependency;
			target = A50180DC1F6AC54000A58346 /* asan */;
			targetProxy = A50180F71F6AC54000A58346 /* PBXContainerItemProxy */;
		};
		A50181031F6AC54000A58346 /* PBXTargetDependency */ = {
			isa = PBXTargetDependency;
			target = A50180DC1F6AC54000A58346 /* asan */;
			targetProxy = A50181021F6AC54000A58346 /* PBXContainerItemProxy */;
		};
/* End PBXTargetDependency section */

/* Begin PBXVariantGroup section */
		A50180E91F6AC54000A58346 /* Main.storyboard */ = {
			isa = PBXVariantGroup;
			children = (
				A50180EA1F6AC54000A58346 /* Base */,
			);
			name = Main.storyboard;
			sourceTree = "<group>";
		};
		A50180EE1F6AC54000A58346 /* LaunchScreen.storyboard */ = {
			isa = PBXVariantGroup;
			children = (
				A50180EF1F6AC54000A58346 /* Base */,
			);
			name = LaunchScreen.storyboard;
			sourceTree = "<group>";
		};
/* End PBXVariantGroup section */

/* Begin XCBuildConfiguration section */
		A50181081F6AC54000A58346 /* Debug */ = {
			isa = XCBuildConfiguration;
			buildSettings = {
				ALWAYS_SEARCH_USER_PATHS = NO;
				CLANG_ANALYZER_NONNULL = YES;
				CLANG_ANALYZER_NUMBER_OBJECT_CONVERSION = YES_AGGRESSIVE;
				CLANG_CXX_LANGUAGE_STANDARD = "gnu++0x";
				CLANG_CXX_LIBRARY = "libc++";
				CLANG_ENABLE_MODULES = YES;
				CLANG_ENABLE_OBJC_ARC = YES;
				CLANG_WARN_BOOL_CONVERSION = YES;
				CLANG_WARN_CONSTANT_CONVERSION = YES;
				CLANG_WARN_DIRECT_OBJC_ISA_USAGE = YES_ERROR;
				CLANG_WARN_DOCUMENTATION_COMMENTS = YES;
				CLANG_WARN_EMPTY_BODY = YES;
				CLANG_WARN_ENUM_CONVERSION = YES;
				CLANG_WARN_INFINITE_RECURSION = YES;
				CLANG_WARN_INT_CONVERSION = YES;
				CLANG_WARN_OBJC_ROOT_CLASS = YES_ERROR;
				CLANG_WARN_SUSPICIOUS_MOVE = YES;
				CLANG_WARN_UNREACHABLE_CODE = YES;
				CLANG_WARN__DUPLICATE_METHOD_MATCH = YES;
				"CODE_SIGN_IDENTITY[sdk=iphoneos*]" = "iPhone Developer";
				COPY_PHASE_STRIP = NO;
				DEBUG_INFORMATION_FORMAT = dwarf;
				ENABLE_STRICT_OBJC_MSGSEND = YES;
				ENABLE_TESTABILITY = YES;
				GCC_C_LANGUAGE_STANDARD = gnu99;
				GCC_DYNAMIC_NO_PIC = NO;
				GCC_NO_COMMON_BLOCKS = YES;
				GCC_OPTIMIZATION_LEVEL = 0;
				GCC_PREPROCESSOR_DEFINITIONS = (
					"DEBUG=1",
					"$(inherited)",
				);
				GCC_WARN_64_TO_32_BIT_CONVERSION = YES;
				GCC_WARN_ABOUT_RETURN_TYPE = YES_ERROR;
				GCC_WARN_UNDECLARED_SELECTOR = YES;
				GCC_WARN_UNINITIALIZED_AUTOS = YES_AGGRESSIVE;
				GCC_WARN_UNUSED_FUNCTION = YES;
				GCC_WARN_UNUSED_VARIABLE = YES;
				IPHONEOS_DEPLOYMENT_TARGET = 10.3;
				MTL_ENABLE_DEBUG_INFO = YES;
				ONLY_ACTIVE_ARCH = YES;
				SDKROOT = iphoneos;
				TARGETED_DEVICE_FAMILY = "1,2";
			};
			name = Debug;
		};
		A50181091F6AC54000A58346 /* Release */ = {
			isa = XCBuildConfiguration;
			buildSettings = {
				ALWAYS_SEARCH_USER_PATHS = NO;
				CLANG_ANALYZER_NONNULL = YES;
				CLANG_ANALYZER_NUMBER_OBJECT_CONVERSION = YES_AGGRESSIVE;
				CLANG_CXX_LANGUAGE_STANDARD = "gnu++0x";
				CLANG_CXX_LIBRARY = "libc++";
				CLANG_ENABLE_MODULES = YES;
				CLANG_ENABLE_OBJC_ARC = YES;
				CLANG_WARN_BOOL_CONVERSION = YES;
				CLANG_WARN_CONSTANT_CONVERSION = YES;
				CLANG_WARN_DIRECT_OBJC_ISA_USAGE = YES_ERROR;
				CLANG_WARN_DOCUMENTATION_COMMENTS = YES;
				CLANG_WARN_EMPTY_BODY = YES;
				CLANG_WARN_ENUM_CONVERSION = YES;
				CLANG_WARN_INFINITE_RECURSION = YES;
				CLANG_WARN_INT_CONVERSION = YES;
				CLANG_WARN_OBJC_ROOT_CLASS = YES_ERROR;
				CLANG_WARN_SUSPICIOUS_MOVE = YES;
				CLANG_WARN_UNREACHABLE_CODE = YES;
				CLANG_WARN__DUPLICATE_METHOD_MATCH = YES;
				"CODE_SIGN_IDENTITY[sdk=iphoneos*]" = "iPhone Developer";
				COPY_PHASE_STRIP = NO;
				DEBUG_INFORMATION_FORMAT = "dwarf-with-dsym";
				ENABLE_NS_ASSERTIONS = NO;
				ENABLE_STRICT_OBJC_MSGSEND = YES;
				GCC_C_LANGUAGE_STANDARD = gnu99;
				GCC_NO_COMMON_BLOCKS = YES;
				GCC_WARN_64_TO_32_BIT_CONVERSION = YES;
				GCC_WARN_ABOUT_RETURN_TYPE = YES_ERROR;
				GCC_WARN_UNDECLARED_SELECTOR = YES;
				GCC_WARN_UNINITIALIZED_AUTOS = YES_AGGRESSIVE;
				GCC_WARN_UNUSED_FUNCTION = YES;
				GCC_WARN_UNUSED_VARIABLE = YES;
				IPHONEOS_DEPLOYMENT_TARGET = 10.3;
				MTL_ENABLE_DEBUG_INFO = NO;
				SDKROOT = iphoneos;
				TARGETED_DEVICE_FAMILY = "1,2";
				VALIDATE_PRODUCT = YES;
			};
			name = Release;
		};
		A501810B1F6AC54000A58346 /* Debug */ = {
			isa = XCBuildConfiguration;
			buildSettings = {
				ASSETCATALOG_COMPILER_APPICON_NAME = AppIcon;
				DEVELOPMENT_TEAM = CWFUQ8L9T8;
				INFOPLIST_FILE = asan/Info.plist;
				LD_RUNPATH_SEARCH_PATHS = "$(inherited) @executable_path/Frameworks";
				PRODUCT_BUNDLE_IDENTIFIER = com.sharedlian.www.asan;
				PRODUCT_NAME = "$(TARGET_NAME)";
			};
			name = Debug;
		};
		A501810C1F6AC54000A58346 /* Release */ = {
			isa = XCBuildConfiguration;
			buildSettings = {
				ASSETCATALOG_COMPILER_APPICON_NAME = AppIcon;
				DEVELOPMENT_TEAM = CWFUQ8L9T8;
				INFOPLIST_FILE = asan/Info.plist;
				LD_RUNPATH_SEARCH_PATHS = "$(inherited) @executable_path/Frameworks";
				PRODUCT_BUNDLE_IDENTIFIER = com.sharedlian.www.asan;
				PRODUCT_NAME = "$(TARGET_NAME)";
			};
			name = Release;
		};
		A501810E1F6AC54000A58346 /* Debug */ = {
			isa = XCBuildConfiguration;
			buildSettings = {
				BUNDLE_LOADER = "$(TEST_HOST)";
				DEVELOPMENT_TEAM = CWFUQ8L9T8;
				INFOPLIST_FILE = asanTests/Info.plist;
				LD_RUNPATH_SEARCH_PATHS = "$(inherited) @executable_path/Frameworks @loader_path/Frameworks";
				PRODUCT_BUNDLE_IDENTIFIER = com.sharedlian.www.asanTests;
				PRODUCT_NAME = "$(TARGET_NAME)";
				TEST_HOST = "$(BUILT_PRODUCTS_DIR)/asan.app/asan";
			};
			name = Debug;
		};
		A501810F1F6AC54000A58346 /* Release */ = {
			isa = XCBuildConfiguration;
			buildSettings = {
				BUNDLE_LOADER = "$(TEST_HOST)";
				DEVELOPMENT_TEAM = CWFUQ8L9T8;
				INFOPLIST_FILE = asanTests/Info.plist;
				LD_RUNPATH_SEARCH_PATHS = "$(inherited) @executable_path/Frameworks @loader_path/Frameworks";
				PRODUCT_BUNDLE_IDENTIFIER = com.sharedlian.www.asanTests;
				PRODUCT_NAME = "$(TARGET_NAME)";
				TEST_HOST = "$(BUILT_PRODUCTS_DIR)/asan.app/asan";
			};
			name = Release;
		};
		A50181111F6AC54000A58346 /* Debug */ = {
			isa = XCBuildConfiguration;
			buildSettings = {
				DEVELOPMENT_TEAM = CWFUQ8L9T8;
				INFOPLIST_FILE = asanUITests/Info.plist;
				LD_RUNPATH_SEARCH_PATHS = "$(inherited) @executable_path/Frameworks @loader_path/Frameworks";
				PRODUCT_BUNDLE_IDENTIFIER = com.sharedlian.www.asanUITests;
				PRODUCT_NAME = "$(TARGET_NAME)";
				TEST_TARGET_NAME = asan;
			};
			name = Debug;
		};
		A50181121F6AC54000A58346 /* Release */ = {
			isa = XCBuildConfiguration;
			buildSettings = {
				DEVELOPMENT_TEAM = CWFUQ8L9T8;
				INFOPLIST_FILE = asanUITests/Info.plist;
				LD_RUNPATH_SEARCH_PATHS = "$(inherited) @executable_path/Frameworks @loader_path/Frameworks";
				PRODUCT_BUNDLE_IDENTIFIER = com.sharedlian.www.asanUITests;
				PRODUCT_NAME = "$(TARGET_NAME)";
				TEST_TARGET_NAME = asan;
			};
			name = Release;
		};
/* End XCBuildConfiguration section */

/* Begin XCConfigurationList section */
		A50180D81F6AC54000A58346 /* Build configuration list for PBXProject "asan" */ = {
			isa = XCConfigurationList;
			buildConfigurations = (
				A50181081F6AC54000A58346 /* Debug */,
				A50181091F6AC54000A58346 /* Release */,
			);
			defaultConfigurationIsVisible = 0;
			defaultConfigurationName = Release;
		};
		A501810A1F6AC54000A58346 /* Build configuration list for PBXNativeTarget "asan" */ = {
			isa = XCConfigurationList;
			buildConfigurations = (
				A501810B1F6AC54000A58346 /* Debug */,
				A501810C1F6AC54000A58346 /* Release */,
			);
			defaultConfigurationIsVisible = 0;
		};
		A501810D1F6AC54000A58346 /* Build configuration list for PBXNativeTarget "asanTests" */ = {
			isa = XCConfigurationList;
			buildConfigurations = (
				A501810E1F6AC54000A58346 /* Debug */,
				A501810F1F6AC54000A58346 /* Release */,
			);
			defaultConfigurationIsVisible = 0;
		};
		A50181101F6AC54000A58346 /* Build configuration list for PBXNativeTarget "asanUITests" */ = {
			isa = XCConfigurationList;
			buildConfigurations = (
				A50181111F6AC54000A58346 /* Debug */,
				A50181121F6AC54000A58346 /* Release */,
			);
			defaultConfigurationIsVisible = 0;
		};
/* End XCConfigurationList section */
	};
	rootObject = A50180D51F6AC54000A58346 /* Project object */;
}
